
Microsoft Visual Studio Solution File, Format Version 12.00
# Visual Studio 15
VisualStudioVersion = 15.0.28010.2003
MinimumVisualStudioVersion = 10.0.40219.1
Project("{FAE04EC0-301F-11D3-BF4B-00C04F79EFBC}") = "ActiveBackupShutdown", "ActiveBackupShutdown\ActiveBackupShutdown.csproj", "{8ABA7894-9277-4662-9199-7153B6F08172}"
EndProject
Global
	GlobalSection(SolutionConfigurationPlatforms) = preSolution
		Debug|Any CPU = Debug|Any CPU
		Release|Any CPU = Release|Any CPU
	EndGlobalSection
	GlobalSection(ProjectConfigurationPlatforms) = postSolution
		{8ABA7894-9277-4662-9199-7153B6F08172}.Debug|Any CPU.ActiveCfg = Debug|Any CPU
		{8ABA7894-9277-4662-9199-7153B6F08172}.Debug|Any CPU.Build.0 = Debug|Any CPU
		{8ABA7894-9277-4662-9199-7153B6F08172}.Release|Any CPU.ActiveCfg = Release|Any CPU
		{8ABA7894-9277-4662-9199-7153B6F08172}.Release|Any CPU.Build.0 = Release|Any CPU
	EndGlobalSection
	GlobalSection(SolutionProperties) = preSolution
		HideSolutionNode = FALSE
	EndGlobalSection
	GlobalSection(ExtensibilityGlobals) = postSolution
		SolutionGuid = {C59E7DC1-C8C3-4C70-990F-D7F0AC916C85}
	EndGlobalSection
EndGlobal
